<Solution>
  <Folder Name="/Solution Items/">
    <File Path=".dockerignore" />
    <File Path=".env.example" />
    <File Path=".gitignore" />
    <File Path="docker-compose.yml" />
    <File Path="Dockerfile" />
    <File Path="README.md" />
  </Folder>
  <Folder Name="/src/">
    <Project Path="src/Rusiru.Portfolio.Api/Rusiru.Portfolio.Api.csproj" />
    <Project Path="src/Rusiru.Portfolio.Application/Rusiru.Portfolio.Application.csproj" />
    <Project Path="src/Rusiru.Portfolio.Domain/Rusiru.Portfolio.Domain.csproj" />
    <Project Path="src/Rusiru.Portfolio.Infrastructure/Rusiru.Portfolio.Infrastructure.csproj" />
  </Folder>
  <Folder Name="/tests/">
    <Project Path="tests/Rusiru.Portfolio.UnitTests/Rusiru.Portfolio.UnitTests.csproj" />
  </Folder>
</Solution>
